// !$*UTF8*$!
{
	archiveVersion = 1;
	classes = {
	};
	objectVersion = 46;
	objects = {

/* Begin PBXBuildFile section */
		275A368F1F2691130084A657 /* AppDelegate.swift in Sources */ = {isa = PBXBuildFile; fileRef = 275A368E1F2691130084A657 /* AppDelegate.swift */; };
		275A36941F2691130084A657 /* Main.storyboard in Resources */ = {isa = PBXBuildFile; fileRef = 275A36921F2691130084A657 /* Main.storyboard */; };
		275A36961F2691130084A657 /* Assets.xcassets in Resources */ = {isa = PBXBuildFile; fileRef = 275A36951F2691130084A657 /* Assets.xcassets */; };
		275A36991F2691130084A657 /* LaunchScreen.storyboard in Resources */ = {isa = PBXBuildFile; fileRef = 275A36971F2691130084A657 /* LaunchScreen.storyboard */; };
		275A36A71F2692600084A657 /* MainVC.swift in Sources */ = {isa = PBXBuildFile; fileRef = 275A36A61F2692600084A657 /* MainVC.swift */; };
		275A36A91F2693050084A657 /* TacoPOPData.csv in Resources */ = {isa = PBXBuildFile; fileRef = 275A36A81F2693050084A657 /* TacoPOPData.csv */; };
		275A36AB1F2693D70084A657 /* DropShadow.swift in Sources */ = {isa = PBXBuildFile; fileRef = 275A36AA1F2693D70084A657 /* DropShadow.swift */; };
		275A36AD1F2694970084A657 /* HeaderView.swift in Sources */ = {isa = PBXBuildFile; fileRef = 275A36AC1F2694970084A657 /* HeaderView.swift */; };
		275A36AF1F26959C0084A657 /* Taco.swift in Sources */ = {isa = PBXBuildFile; fileRef = 275A36AE1F26959C0084A657 /* Taco.swift */; };
		275A36B11F2698D60084A657 /* DataService.swift in Sources */ = {isa = PBXBuildFile; fileRef = 275A36B01F2698D60084A657 /* DataService.swift */; };
		275A36B41F269B020084A657 /* TacoCell.swift in Sources */ = {isa = PBXBuildFile; fileRef = 275A36B21F269B020084A657 /* TacoCell.swift */; };
		275A36B51F269B020084A657 /* TacoCell.xib in Resources */ = {isa = PBXBuildFile; fileRef = 275A36B31F269B020084A657 /* TacoCell.xib */; };
		275A36B71F269F590084A657 /* ReusableView.swift in Sources */ = {isa = PBXBuildFile; fileRef = 275A36B61F269F590084A657 /* ReusableView.swift */; };
		275A36B91F269FDE0084A657 /* NibLoadableView.swift in Sources */ = {isa = PBXBuildFile; fileRef = 275A36B81F269FDE0084A657 /* NibLoadableView.swift */; };
		275A36BB1F26A0480084A657 /* UICollectionView+Ext.swift in Sources */ = {isa = PBXBuildFile; fileRef = 275A36BA1F26A0480084A657 /* UICollectionView+Ext.swift */; };
		275A36BD1F26A3CE0084A657 /* MutableCollection+Ext.swift in Sources */ = {isa = PBXBuildFile; fileRef = 275A36BC1F26A3CE0084A657 /* MutableCollection+Ext.swift */; };
		275A36BF1F26A52F0084A657 /* Shakeable.swift in Sources */ = {isa = PBXBuildFile; fileRef = 275A36BE1F26A52F0084A657 /* Shakeable.swift */; };
/* End PBXBuildFile section */

/* Begin PBXFileReference section */
		275A368B1F2691120084A657 /* TacoPOP.app */ = {isa = PBXFileReference; explicitFileType = wrapper.application; includeInIndex = 0; path = TacoPOP.app; sourceTree = BUILT_PRODUCTS_DIR; };
		275A368E1F2691130084A657 /* AppDelegate.swift */ = {isa = PBXFileReference; lastKnownFileType = sourcecode.swift; path = AppDelegate.swift; sourceTree = "<group>"; };
		275A36931F2691130084A657 /* Base */ = {isa = PBXFileReference; lastKnownFileType = file.storyboard; name = Base; path = Base.lproj/Main.storyboard; sourceTree = "<group>"; };
		275A36951F2691130084A657 /* Assets.xcassets */ = {isa = PBXFileReference; lastKnownFileType = folder.assetcatalog; path = Assets.xcassets; sourceTree = "<group>"; };
		275A36981F2691130084A657 /* Base */ = {isa = PBXFileReference; lastKnownFileType = file.storyboard; name = Base; path = Base.lproj/LaunchScreen.storyboard; sourceTree = "<group>"; };
		275A369A1F2691130084A657 /* Info.plist */ = {isa = PBXFileReference; lastKnownFileType = text.plist.xml; path = Info.plist; sourceTree = "<group>"; };
		275A36A61F2692600084A657 /* MainVC.swift */ = {isa = PBXFileReference; fileEncoding = 4; lastKnownFileType = sourcecode.swift; path = MainVC.swift; sourceTree = "<group>"; };
		275A36A81F2693050084A657 /* TacoPOPData.csv */ = {isa = PBXFileReference; fileEncoding = 4; lastKnownFileType = text; path = TacoPOPData.csv; sourceTree = "<group>"; };
		275A36AA1F2693D70084A657 /* DropShadow.swift */ = {isa = PBXFileReference; fileEncoding = 4; lastKnownFileType = sourcecode.swift; path = DropShadow.swift; sourceTree = "<group>"; };
		275A36AC1F2694970084A657 /* HeaderView.swift */ = {isa = PBXFileReference; fileEncoding = 4; lastKnownFileType = sourcecode.swift; path = HeaderView.swift; sourceTree = "<group>"; };
		275A36AE1F26959C0084A657 /* Taco.swift */ = {isa = PBXFileReference; fileEncoding = 4; lastKnownFileType = sourcecode.swift; path = Taco.swift; sourceTree = "<group>"; };
		275A36B01F2698D60084A657 /* DataService.swift */ = {isa = PBXFileReference; fileEncoding = 4; lastKnownFileType = sourcecode.swift; path = DataService.swift; sourceTree = "<group>"; };
		275A36B21F269B020084A657 /* TacoCell.swift */ = {isa = PBXFileReference; fileEncoding = 4; lastKnownFileType = sourcecode.swift; path = TacoCell.swift; sourceTree = "<group>"; };
		275A36B31F269B020084A657 /* TacoCell.xib */ = {isa = PBXFileReference; fileEncoding = 4; lastKnownFileType = file.xib; path = TacoCell.xib; sourceTree = "<group>"; };
		275A36B61F269F590084A657 /* ReusableView.swift */ = {isa = PBXFileReference; fileEncoding = 4; lastKnownFileType = sourcecode.swift; path = ReusableView.swift; sourceTree = "<group>"; };
		275A36B81F269FDE0084A657 /* NibLoadableView.swift */ = {isa = PBXFileReference; fileEncoding = 4; lastKnownFileType = sourcecode.swift; path = NibLoadableView.swift; sourceTree = "<group>"; };
		275A36BA1F26A0480084A657 /* UICollectionView+Ext.swift */ = {isa = PBXFileReference; fileEncoding = 4; lastKnownFileType = sourcecode.swift; path = "UICollectionView+Ext.swift"; sourceTree = "<group>"; };
		275A36BC1F26A3CE0084A657 /* MutableCollection+Ext.swift */ = {isa = PBXFileReference; fileEncoding = 4; lastKnownFileType = sourcecode.swift; path = "MutableCollection+Ext.swift"; sourceTree = "<group>"; };
		275A36BE1F26A52F0084A657 /* Shakeable.swift */ = {isa = PBXFileReference; fileEncoding = 4; lastKnownFileType = sourcecode.swift; path = Shakeable.swift; sourceTree = "<group>"; };
/* End PBXFileReference section */

/* Begin PBXFrameworksBuildPhase section */
		275A36881F2691120084A657 /* Frameworks */ = {
			isa = PBXFrameworksBuildPhase;
			buildActionMask = 2147483647;
			files = (
			);
			runOnlyForDeploymentPostprocessing = 0;
		};
/* End PBXFrameworksBuildPhase section */

/* Begin PBXGroup section */
		275A36821F2691120084A657 = {
			isa = PBXGroup;
			children = (
				275A368D1F2691120084A657 /* TacoPOP */,
				275A368C1F2691120084A657 /* Products */,
			);
			sourceTree = "<group>";
		};
		275A368C1F2691120084A657 /* Products */ = {
			isa = PBXGroup;
			children = (
				275A368B1F2691120084A657 /* TacoPOP.app */,
			);
			name = Products;
			sourceTree = "<group>";
		};
		275A368D1F2691120084A657 /* TacoPOP */ = {
			isa = PBXGroup;
			children = (
				275A36A41F2691AC0084A657 /* Extensions */,
				275A36A31F2691A60084A657 /* Protocols */,
				275A36A21F2691A00084A657 /* Model */,
				275A36A11F2691990084A657 /* View */,
				275A36A01F2691900084A657 /* Controller */,
				275A36A51F2691B90084A657 /* Resources */,
			);
			path = TacoPOP;
			sourceTree = "<group>";
		};
		275A36A01F2691900084A657 /* Controller */ = {
			isa = PBXGroup;
			children = (
				275A368E1F2691130084A657 /* AppDelegate.swift */,
				275A36A61F2692600084A657 /* MainVC.swift */,
			);
			name = Controller;
			sourceTree = "<group>";
		};
		275A36A11F2691990084A657 /* View */ = {
			isa = PBXGroup;
			children = (
				275A36921F2691130084A657 /* Main.storyboard */,
				275A36971F2691130084A657 /* LaunchScreen.storyboard */,
				275A36AC1F2694970084A657 /* HeaderView.swift */,
				275A36B21F269B020084A657 /* TacoCell.swift */,
				275A36B31F269B020084A657 /* TacoCell.xib */,
			);
			name = View;
			sourceTree = "<group>";
		};
		275A36A21F2691A00084A657 /* Model */ = {
			isa = PBXGroup;
			children = (
				275A36AE1F26959C0084A657 /* Taco.swift */,
				275A36B01F2698D60084A657 /* DataService.swift */,
			);
			name = Model;
			sourceTree = "<group>";
		};
		275A36A31F2691A60084A657 /* Protocols */ = {
			isa = PBXGroup;
			children = (
				275A36AA1F2693D70084A657 /* DropShadow.swift */,
				275A36B61F269F590084A657 /* ReusableView.swift */,
				275A36B81F269FDE0084A657 /* NibLoadableView.swift */,
				275A36BE1F26A52F0084A657 /* Shakeable.swift */,
			);
			name = Protocols;
			sourceTree = "<group>";
		};
		275A36A41F2691AC0084A657 /* Extensions */ = {
			isa = PBXGroup;
			children = (
				275A36BA1F26A0480084A657 /* UICollectionView+Ext.swift */,
				275A36BC1F26A3CE0084A657 /* MutableCollection+Ext.swift */,
			);
			name = Extensions;
			sourceTree = "<group>";
		};
		275A36A51F2691B90084A657 /* Resources */ = {
			isa = PBXGroup;
			children = (
				275A36A81F2693050084A657 /* TacoPOPData.csv */,
				275A36951F2691130084A657 /* Assets.xcassets */,
				275A369A1F2691130084A657 /* Info.plist */,
			);
			name = Resources;
			sourceTree = "<group>";
		};
/* End PBXGroup section */

/* Begin PBXNativeTarget section */
		275A368A1F2691120084A657 /* TacoPOP */ = {
			isa = PBXNativeTarget;
			buildConfigurationList = 275A369D1F2691130084A657 /* Build configuration list for PBXNativeTarget "TacoPOP" */;
			buildPhases = (
				275A36871F2691120084A657 /* Sources */,
				275A36881F2691120084A657 /* Frameworks */,
				275A36891F2691120084A657 /* Resources */,
			);
			buildRules = (
			);
			dependencies = (
			);
			name = TacoPOP;
			productName = TacoPOP;
			productReference = 275A368B1F2691120084A657 /* TacoPOP.app */;
			productType = "com.apple.product-type.application";
		};
/* End PBXNativeTarget section */

/* Begin PBXProject section */
		275A36831F2691120084A657 /* Project object */ = {
			isa = PBXProject;
			attributes = {
				LastSwiftUpdateCheck = 0830;
				LastUpgradeCheck = 0830;
				ORGANIZATIONNAME = "Kyle Aquino";
				TargetAttributes = {
					275A368A1F2691120084A657 = {
						CreatedOnToolsVersion = 8.3.3;
						DevelopmentTeam = 4Y5F6D66K9;
						ProvisioningStyle = Automatic;
					};
				};
			};
			buildConfigurationList = 275A36861F2691120084A657 /* Build configuration list for PBXProject "TacoPOP" */;
			compatibilityVersion = "Xcode 3.2";
			developmentRegion = English;
			hasScannedForEncodings = 0;
			knownRegions = (
				en,
				Base,
			);
			mainGroup = 275A36821F2691120084A657;
			productRefGroup = 275A368C1F2691120084A657 /* Products */;
			projectDirPath = "";
			projectRoot = "";
			targets = (
				275A368A1F2691120084A657 /* TacoPOP */,
			);
		};
/* End PBXProject section */

/* Begin PBXResourcesBuildPhase section */
		275A36891F2691120084A657 /* Resources */ = {
			isa = PBXResourcesBuildPhase;
			buildActionMask = 2147483647;
			files = (
				275A36991F2691130084A657 /* LaunchScreen.storyboard in Resources */,
				275A36A91F2693050084A657 /* TacoPOPData.csv in Resources */,
				275A36961F2691130084A657 /* Assets.xcassets in Resources */,
				275A36941F2691130084A657 /* Main.storyboard in Resources */,
				275A36B51F269B020084A657 /* TacoCell.xib in Resources */,
			);
			runOnlyForDeploymentPostprocessing = 0;
		};
/* End PBXResourcesBuildPhase section */

/* Begin PBXSourcesBuildPhase section */
		275A36871F2691120084A657 /* Sources */ = {
			isa = PBXSourcesBuildPhase;
			buildActionMask = 2147483647;
			files = (
				275A36B41F269B020084A657 /* TacoCell.swift in Sources */,
				275A36BD1F26A3CE0084A657 /* MutableCollection+Ext.swift in Sources */,
				275A368F1F2691130084A657 /* AppDelegate.swift in Sources */,
				275A36AB1F2693D70084A657 /* DropShadow.swift in Sources */,
				275A36B91F269FDE0084A657 /* NibLoadableView.swift in Sources */,
				275A36BB1F26A0480084A657 /* UICollectionView+Ext.swift in Sources */,
				275A36B71F269F590084A657 /* ReusableView.swift in Sources */,
				275A36A71F2692600084A657 /* MainVC.swift in Sources */,
				275A36B11F2698D60084A657 /* DataService.swift in Sources */,
				275A36AF1F26959C0084A657 /* Taco.swift in Sources */,
				275A36BF1F26A52F0084A657 /* Shakeable.swift in Sources */,
				275A36AD1F2694970084A657 /* HeaderView.swift in Sources */,
			);
			runOnlyForDeploymentPostprocessing = 0;
		};
/* End PBXSourcesBuildPhase section */

/* Begin PBXVariantGroup section */
		275A36921F2691130084A657 /* Main.storyboard */ = {
			isa = PBXVariantGroup;
			children = (
				275A36931F2691130084A657 /* Base */,
			);
			name = Main.storyboard;
			sourceTree = "<group>";
		};
		275A36971F2691130084A657 /* LaunchScreen.storyboard */ = {
			isa = PBXVariantGroup;
			children = (
				275A36981F2691130084A657 /* Base */,
			);
			name = LaunchScreen.storyboard;
			sourceTree = "<group>";
		};
/* End PBXVariantGroup section */

/* Begin XCBuildConfiguration section */
		275A369B1F2691130084A657 /* Debug */ = {
			isa = XCBuildConfiguration;
			buildSettings = {
				ALWAYS_SEARCH_USER_PATHS = NO;
				CLANG_ANALYZER_NONNULL = YES;
				CLANG_ANALYZER_NUMBER_OBJECT_CONVERSION = YES_AGGRESSIVE;
				CLANG_CXX_LANGUAGE_STANDARD = "gnu++0x";
				CLANG_CXX_LIBRARY = "libc++";
				CLANG_ENABLE_MODULES = YES;
				CLANG_ENABLE_OBJC_ARC = YES;
				CLANG_WARN_BOOL_CONVERSION = YES;
				CLANG_WARN_CONSTANT_CONVERSION = YES;
				CLANG_WARN_DIRECT_OBJC_ISA_USAGE = YES_ERROR;
				CLANG_WARN_DOCUMENTATION_COMMENTS = YES;
				CLANG_WARN_EMPTY_BODY = YES;
				CLANG_WARN_ENUM_CONVERSION = YES;
				CLANG_WARN_INFINITE_RECURSION = YES;
				CLANG_WARN_INT_CONVERSION = YES;
				CLANG_WARN_OBJC_ROOT_CLASS = YES_ERROR;
				CLANG_WARN_SUSPICIOUS_MOVE = YES;
				CLANG_WARN_UNREACHABLE_CODE = YES;
				CLANG_WARN__DUPLICATE_METHOD_MATCH = YES;
				"CODE_SIGN_IDENTITY[sdk=iphoneos*]" = "iPhone Developer";
				COPY_PHASE_STRIP = NO;
				DEBUG_INFORMATION_FORMAT = dwarf;
				ENABLE_STRICT_OBJC_MSGSEND = YES;
				ENABLE_TESTABILITY = YES;
				GCC_C_LANGUAGE_STANDARD = gnu99;
				GCC_DYNAMIC_NO_PIC = NO;
				GCC_NO_COMMON_BLOCKS = YES;
				GCC_OPTIMIZATION_LEVEL = 0;
				GCC_PREPROCESSOR_DEFINITIONS = (
					"DEBUG=1",
					"$(inherited)",
				);
				GCC_WARN_64_TO_32_BIT_CONVERSION = YES;
				GCC_WARN_ABOUT_RETURN_TYPE = YES_ERROR;
				GCC_WARN_UNDECLARED_SELECTOR = YES;
				GCC_WARN_UNINITIALIZED_AUTOS = YES_AGGRESSIVE;
				GCC_WARN_UNUSED_FUNCTION = YES;
				GCC_WARN_UNUSED_VARIABLE = YES;
				IPHONEOS_DEPLOYMENT_TARGET = 10.3;
				MTL_ENABLE_DEBUG_INFO = YES;
				ONLY_ACTIVE_ARCH = YES;
				SDKROOT = iphoneos;
				SWIFT_ACTIVE_COMPILATION_CONDITIONS = DEBUG;
				SWIFT_OPTIMIZATION_LEVEL = "-Onone";
			};
			name = Debug;
		};
		275A369C1F2691130084A657 /* Release */ = {
			isa = XCBuildConfiguration;
			buildSettings = {
				ALWAYS_SEARCH_USER_PATHS = NO;
				CLANG_ANALYZER_NONNULL = YES;
				CLANG_ANALYZER_NUMBER_OBJECT_CONVERSION = YES_AGGRESSIVE;
				CLANG_CXX_LANGUAGE_STANDARD = "gnu++0x";
				CLANG_CXX_LIBRARY = "libc++";
				CLANG_ENABLE_MODULES = YES;
				CLANG_ENABLE_OBJC_ARC = YES;
				CLANG_WARN_BOOL_CONVERSION = YES;
				CLANG_WARN_CONSTANT_CONVERSION = YES;
				CLANG_WARN_DIRECT_OBJC_ISA_USAGE = YES_ERROR;
				CLANG_WARN_DOCUMENTATION_COMMENTS = YES;
				CLANG_WARN_EMPTY_BODY = YES;
				CLANG_WARN_ENUM_CONVERSION = YES;
				CLANG_WARN_INFINITE_RECURSION = YES;
				CLANG_WARN_INT_CONVERSION = YES;
				CLANG_WARN_OBJC_ROOT_CLASS = YES_ERROR;
				CLANG_WARN_SUSPICIOUS_MOVE = YES;
				CLANG_WARN_UNREACHABLE_CODE = YES;
				CLANG_WARN__DUPLICATE_METHOD_MATCH = YES;
				"CODE_SIGN_IDENTITY[sdk=iphoneos*]" = "iPhone Developer";
				COPY_PHASE_STRIP = NO;
				DEBUG_INFORMATION_FORMAT = "dwarf-with-dsym";
				ENABLE_NS_ASSERTIONS = NO;
				ENABLE_STRICT_OBJC_MSGSEND = YES;
				GCC_C_LANGUAGE_STANDARD = gnu99;
				GCC_NO_COMMON_BLOCKS = YES;
				GCC_WARN_64_TO_32_BIT_CONVERSION = YES;
				GCC_WARN_ABOUT_RETURN_TYPE = YES_ERROR;
				GCC_WARN_UNDECLARED_SELECTOR = YES;
				GCC_WARN_UNINITIALIZED_AUTOS = YES_AGGRESSIVE;
				GCC_WARN_UNUSED_FUNCTION = YES;
				GCC_WARN_UNUSED_VARIABLE = YES;
				IPHONEOS_DEPLOYMENT_TARGET = 10.3;
				MTL_ENABLE_DEBUG_INFO = NO;
				SDKROOT = iphoneos;
				SWIFT_OPTIMIZATION_LEVEL = "-Owholemodule";
				VALIDATE_PRODUCT = YES;
			};
			name = Release;
		};
		275A369E1F2691130084A657 /* Debug */ = {
			isa = XCBuildConfiguration;
			buildSettings = {
				ASSETCATALOG_COMPILER_APPICON_NAME = AppIcon;
				DEVELOPMENT_TEAM = 4Y5F6D66K9;
				INFOPLIST_FILE = TacoPOP/Info.plist;
				LD_RUNPATH_SEARCH_PATHS = "$(inherited) @executable_path/Frameworks";
				PRODUCT_BUNDLE_IDENTIFIER = com.kyleaquino.TacoPOP;
				PRODUCT_NAME = "$(TARGET_NAME)";
				SWIFT_VERSION = 3.0;
			};
			name = Debug;
		};
		275A369F1F2691130084A657 /* Release */ = {
			isa = XCBuildConfiguration;
			buildSettings = {
				ASSETCATALOG_COMPILER_APPICON_NAME = AppIcon;
				DEVELOPMENT_TEAM = 4Y5F6D66K9;
				INFOPLIST_FILE = TacoPOP/Info.plist;
				LD_RUNPATH_SEARCH_PATHS = "$(inherited) @executable_path/Frameworks";
				PRODUCT_BUNDLE_IDENTIFIER = com.kyleaquino.TacoPOP;
				PRODUCT_NAME = "$(TARGET_NAME)";
				SWIFT_VERSION = 3.0;
			};
			name = Release;
		};
/* End XCBuildConfiguration section */

/* Begin XCConfigurationList section */
		275A36861F2691120084A657 /* Build configuration list for PBXProject "TacoPOP" */ = {
			isa = XCConfigurationList;
			buildConfigurations = (
				275A369B1F2691130084A657 /* Debug */,
				275A369C1F2691130084A657 /* Release */,
			);
			defaultConfigurationIsVisible = 0;
			defaultConfigurationName = Release;
		};
		275A369D1F2691130084A657 /* Build configuration list for PBXNativeTarget "TacoPOP" */ = {
			isa = XCConfigurationList;
			buildConfigurations = (
				275A369E1F2691130084A657 /* Debug */,
				275A369F1F2691130084A657 /* Release */,
			);
			defaultConfigurationIsVisible = 0;
		};
/* End XCConfigurationList section */
	};
	rootObject = 275A36831F2691120084A657 /* Project object */;
}
